// !$*UTF8*$!
{
	archiveVersion = 1;
	classes = {
	};
	objectVersion = 50;
	objects = {

/* Begin PBXBuildFile section */
		9D5BF63C26F42B0100F988ED /* NasaLabel.swift in Sources */ = {isa = PBXBuildFile; fileRef = 9D5BF63B26F42B0100F988ED /* NasaLabel.swift */; };
		9D5BF63E26F432E400F988ED /* NavigationController+PushAction.swift in Sources */ = {isa = PBXBuildFile; fileRef = 9D5BF63D26F432E400F988ED /* NavigationController+PushAction.swift */; };
		9D5BF64026F4641700F988ED /* UIScreen+Frame.swift in Sources */ = {isa = PBXBuildFile; fileRef = 9D5BF63F26F4641700F988ED /* UIScreen+Frame.swift */; };
		9D5BF64226F4692D00F988ED /* UIView+AutoLayout.swift in Sources */ = {isa = PBXBuildFile; fileRef = 9D5BF64126F4692D00F988ED /* UIView+AutoLayout.swift */; };
		9D5BF64426F46D4400F988ED /* GalaxyListVC.swift in Sources */ = {isa = PBXBuildFile; fileRef = 9D5BF64326F46D4400F988ED /* GalaxyListVC.swift */; };
		9D5BF64626F560DC00F988ED /* GalaxyCell.swift in Sources */ = {isa = PBXBuildFile; fileRef = 9D5BF64526F560DC00F988ED /* GalaxyCell.swift */; };
		9D5BF64A26F5650F00F988ED /* AsyncImageView.swift in Sources */ = {isa = PBXBuildFile; fileRef = 9D5BF64926F5650F00F988ED /* AsyncImageView.swift */; };
		9D5BF64E26F578EA00F988ED /* Array+SafeIndex.swift in Sources */ = {isa = PBXBuildFile; fileRef = 9D5BF64D26F578EA00F988ED /* Array+SafeIndex.swift */; };
		9D85E49D26F2F457003304FD /* Config.swift in Sources */ = {isa = PBXBuildFile; fileRef = 9D85E49826F2F457003304FD /* Config.swift */; };
		9D85E4AB26F2F497003304FD /* Dictionary+Data.swift in Sources */ = {isa = PBXBuildFile; fileRef = 9D85E4A626F2F497003304FD /* Dictionary+Data.swift */; };
		9D85E4AC26F2F497003304FD /* ApiManager.swift in Sources */ = {isa = PBXBuildFile; fileRef = 9D85E4A826F2F497003304FD /* ApiManager.swift */; };
		9D85E4AD26F2F497003304FD /* ReachAbility.swift in Sources */ = {isa = PBXBuildFile; fileRef = 9D85E4A926F2F497003304FD /* ReachAbility.swift */; };
		9D85E4B126F32112003304FD /* GalaxyData.swift in Sources */ = {isa = PBXBuildFile; fileRef = 9D85E4B026F32112003304FD /* GalaxyData.swift */; };
		9D85E4B426F32246003304FD /* Functions.swift in Sources */ = {isa = PBXBuildFile; fileRef = 9D85E4B326F32246003304FD /* Functions.swift */; };
		9DF2EE5526F2C3DE003E3BB4 /* AppDelegate.swift in Sources */ = {isa = PBXBuildFile; fileRef = 9DF2EE5426F2C3DE003E3BB4 /* AppDelegate.swift */; };
		9DF2EE5926F2C3DE003E3BB4 /* ViewController.swift in Sources */ = {isa = PBXBuildFile; fileRef = 9DF2EE5826F2C3DE003E3BB4 /* ViewController.swift */; };
		9DF2EE5E26F2C3E0003E3BB4 /* Assets.xcassets in Resources */ = {isa = PBXBuildFile; fileRef = 9DF2EE5D26F2C3E0003E3BB4 /* Assets.xcassets */; };
		9DF2EE6126F2C3E0003E3BB4 /* LaunchScreen.storyboard in Resources */ = {isa = PBXBuildFile; fileRef = 9DF2EE5F26F2C3E0003E3BB4 /* LaunchScreen.storyboard */; };
/* End PBXBuildFile section */

/* Begin PBXFileReference section */
		9D5BF63B26F42B0100F988ED /* NasaLabel.swift */ = {isa = PBXFileReference; lastKnownFileType = sourcecode.swift; path = NasaLabel.swift; sourceTree = "<group>"; };
		9D5BF63D26F432E400F988ED /* NavigationController+PushAction.swift */ = {isa = PBXFileReference; lastKnownFileType = sourcecode.swift; path = "NavigationController+PushAction.swift"; sourceTree = "<group>"; };
		9D5BF63F26F4641700F988ED /* UIScreen+Frame.swift */ = {isa = PBXFileReference; lastKnownFileType = sourcecode.swift; path = "UIScreen+Frame.swift"; sourceTree = "<group>"; };
		9D5BF64126F4692D00F988ED /* UIView+AutoLayout.swift */ = {isa = PBXFileReference; lastKnownFileType = sourcecode.swift; path = "UIView+AutoLayout.swift"; sourceTree = "<group>"; };
		9D5BF64326F46D4400F988ED /* GalaxyListVC.swift */ = {isa = PBXFileReference; lastKnownFileType = sourcecode.swift; path = GalaxyListVC.swift; sourceTree = "<group>"; };
		9D5BF64526F560DC00F988ED /* GalaxyCell.swift */ = {isa = PBXFileReference; lastKnownFileType = sourcecode.swift; path = GalaxyCell.swift; sourceTree = "<group>"; };
		9D5BF64926F5650F00F988ED /* AsyncImageView.swift */ = {isa = PBXFileReference; lastKnownFileType = sourcecode.swift; path = AsyncImageView.swift; sourceTree = "<group>"; };
		9D5BF64D26F578EA00F988ED /* Array+SafeIndex.swift */ = {isa = PBXFileReference; lastKnownFileType = sourcecode.swift; path = "Array+SafeIndex.swift"; sourceTree = "<group>"; };
		9D85E49826F2F457003304FD /* Config.swift */ = {isa = PBXFileReference; fileEncoding = 4; lastKnownFileType = sourcecode.swift; path = Config.swift; sourceTree = "<group>"; };
		9D85E4A626F2F497003304FD /* Dictionary+Data.swift */ = {isa = PBXFileReference; fileEncoding = 4; lastKnownFileType = sourcecode.swift; path = "Dictionary+Data.swift"; sourceTree = "<group>"; };
		9D85E4A826F2F497003304FD /* ApiManager.swift */ = {isa = PBXFileReference; fileEncoding = 4; lastKnownFileType = sourcecode.swift; path = ApiManager.swift; sourceTree = "<group>"; };
		9D85E4A926F2F497003304FD /* ReachAbility.swift */ = {isa = PBXFileReference; fileEncoding = 4; lastKnownFileType = sourcecode.swift; path = ReachAbility.swift; sourceTree = "<group>"; };
		9D85E4B026F32112003304FD /* GalaxyData.swift */ = {isa = PBXFileReference; lastKnownFileType = sourcecode.swift; path = GalaxyData.swift; sourceTree = "<group>"; };
		9D85E4B326F32246003304FD /* Functions.swift */ = {isa = PBXFileReference; lastKnownFileType = sourcecode.swift; path = Functions.swift; sourceTree = "<group>"; };
		9DF2EE5126F2C3DE003E3BB4 /* NasaGalaxy.app */ = {isa = PBXFileReference; explicitFileType = wrapper.application; includeInIndex = 0; path = NasaGalaxy.app; sourceTree = BUILT_PRODUCTS_DIR; };
		9DF2EE5426F2C3DE003E3BB4 /* AppDelegate.swift */ = {isa = PBXFileReference; lastKnownFileType = sourcecode.swift; path = AppDelegate.swift; sourceTree = "<group>"; };
		9DF2EE5826F2C3DE003E3BB4 /* ViewController.swift */ = {isa = PBXFileReference; lastKnownFileType = sourcecode.swift; path = ViewController.swift; sourceTree = "<group>"; };
		9DF2EE5D26F2C3E0003E3BB4 /* Assets.xcassets */ = {isa = PBXFileReference; lastKnownFileType = folder.assetcatalog; path = Assets.xcassets; sourceTree = "<group>"; };
		9DF2EE6026F2C3E0003E3BB4 /* Base */ = {isa = PBXFileReference; lastKnownFileType = file.storyboard; name = Base; path = Base.lproj/LaunchScreen.storyboard; sourceTree = "<group>"; };
		9DF2EE6226F2C3E0003E3BB4 /* Info.plist */ = {isa = PBXFileReference; lastKnownFileType = text.plist.xml; path = Info.plist; sourceTree = "<group>"; };
/* End PBXFileReference section */

/* Begin PBXFrameworksBuildPhase section */
		9DF2EE4E26F2C3DE003E3BB4 /* Frameworks */ = {
			isa = PBXFrameworksBuildPhase;
			buildActionMask = 2147483647;
			files = (
			);
			runOnlyForDeploymentPostprocessing = 0;
		};
/* End PBXFrameworksBuildPhase section */

/* Begin PBXGroup section */
		9D85E4A426F2F497003304FD /* View */ = {
			isa = PBXGroup;
			children = (
				9D5BF63B26F42B0100F988ED /* NasaLabel.swift */,
				9D5BF64526F560DC00F988ED /* GalaxyCell.swift */,
			);
			path = View;
			sourceTree = "<group>";
		};
		9D85E4A526F2F497003304FD /* Extensions */ = {
			isa = PBXGroup;
			children = (
				9D85E4A626F2F497003304FD /* Dictionary+Data.swift */,
				9D5BF63D26F432E400F988ED /* NavigationController+PushAction.swift */,
				9D5BF63F26F4641700F988ED /* UIScreen+Frame.swift */,
				9D5BF64126F4692D00F988ED /* UIView+AutoLayout.swift */,
				9D5BF64D26F578EA00F988ED /* Array+SafeIndex.swift */,
			);
			path = Extensions;
			sourceTree = "<group>";
		};
		9D85E4A726F2F497003304FD /* Network */ = {
			isa = PBXGroup;
			children = (
				9D85E4A826F2F497003304FD /* ApiManager.swift */,
				9D5BF64926F5650F00F988ED /* AsyncImageView.swift */,
				9D85E4A926F2F497003304FD /* ReachAbility.swift */,
			);
			path = Network;
			sourceTree = "<group>";
		};
		9D85E4AF26F320DA003304FD /* Model */ = {
			isa = PBXGroup;
			children = (
				9D85E4B026F32112003304FD /* GalaxyData.swift */,
			);
			path = Model;
			sourceTree = "<group>";
		};
		9D85E4B226F321F3003304FD /* Galaxy */ = {
			isa = PBXGroup;
			children = (
				9D85E4AF26F320DA003304FD /* Model */,
				9D85E4A426F2F497003304FD /* View */,
				9D5BF64326F46D4400F988ED /* GalaxyListVC.swift */,
			);
			path = Galaxy;
			sourceTree = "<group>";
		};
		9DF2EE4826F2C3DD003E3BB4 = {
			isa = PBXGroup;
			children = (
				9DF2EE5326F2C3DE003E3BB4 /* NasaGalaxy */,
				9DF2EE5226F2C3DE003E3BB4 /* Products */,
			);
			sourceTree = "<group>";
		};
		9DF2EE5226F2C3DE003E3BB4 /* Products */ = {
			isa = PBXGroup;
			children = (
				9DF2EE5126F2C3DE003E3BB4 /* NasaGalaxy.app */,
			);
			name = Products;
			sourceTree = "<group>";
		};
		9DF2EE5326F2C3DE003E3BB4 /* NasaGalaxy */ = {
			isa = PBXGroup;
			children = (
				9D85E4B226F321F3003304FD /* Galaxy */,
				9D85E4A526F2F497003304FD /* Extensions */,
				9D85E4A726F2F497003304FD /* Network */,
				9D85E49826F2F457003304FD /* Config.swift */,
				9D85E4B326F32246003304FD /* Functions.swift */,
				9DF2EE5426F2C3DE003E3BB4 /* AppDelegate.swift */,
				9DF2EE5826F2C3DE003E3BB4 /* ViewController.swift */,
				9DF2EE5D26F2C3E0003E3BB4 /* Assets.xcassets */,
				9DF2EE5F26F2C3E0003E3BB4 /* LaunchScreen.storyboard */,
				9DF2EE6226F2C3E0003E3BB4 /* Info.plist */,
			);
			path = NasaGalaxy;
			sourceTree = "<group>";
		};
/* End PBXGroup section */

/* Begin PBXNativeTarget section */
		9DF2EE5026F2C3DE003E3BB4 /* NasaGalaxy */ = {
			isa = PBXNativeTarget;
			buildConfigurationList = 9DF2EE6526F2C3E0003E3BB4 /* Build configuration list for PBXNativeTarget "NasaGalaxy" */;
			buildPhases = (
				9DF2EE4D26F2C3DE003E3BB4 /* Sources */,
				9DF2EE4E26F2C3DE003E3BB4 /* Frameworks */,
				9DF2EE4F26F2C3DE003E3BB4 /* Resources */,
			);
			buildRules = (
			);
			dependencies = (
			);
			name = NasaGalaxy;
			productName = NasaGalaxy;
			productReference = 9DF2EE5126F2C3DE003E3BB4 /* NasaGalaxy.app */;
			productType = "com.apple.product-type.application";
		};
/* End PBXNativeTarget section */

/* Begin PBXProject section */
		9DF2EE4926F2C3DD003E3BB4 /* Project object */ = {
			isa = PBXProject;
			attributes = {
				LastSwiftUpdateCheck = 1250;
				LastUpgradeCheck = 1250;
				TargetAttributes = {
					9DF2EE5026F2C3DE003E3BB4 = {
						CreatedOnToolsVersion = 12.5;
					};
				};
			};
			buildConfigurationList = 9DF2EE4C26F2C3DD003E3BB4 /* Build configuration list for PBXProject "NasaGalaxy" */;
			compatibilityVersion = "Xcode 9.3";
			developmentRegion = en;
			hasScannedForEncodings = 0;
			knownRegions = (
				en,
				Base,
			);
			mainGroup = 9DF2EE4826F2C3DD003E3BB4;
			productRefGroup = 9DF2EE5226F2C3DE003E3BB4 /* Products */;
			projectDirPath = "";
			projectRoot = "";
			targets = (
				9DF2EE5026F2C3DE003E3BB4 /* NasaGalaxy */,
			);
		};
/* End PBXProject section */

/* Begin PBXResourcesBuildPhase section */
		9DF2EE4F26F2C3DE003E3BB4 /* Resources */ = {
			isa = PBXResourcesBuildPhase;
			buildActionMask = 2147483647;
			files = (
				9DF2EE6126F2C3E0003E3BB4 /* LaunchScreen.storyboard in Resources */,
				9DF2EE5E26F2C3E0003E3BB4 /* Assets.xcassets in Resources */,
			);
			runOnlyForDeploymentPostprocessing = 0;
		};
/* End PBXResourcesBuildPhase section */

/* Begin PBXSourcesBuildPhase section */
		9DF2EE4D26F2C3DE003E3BB4 /* Sources */ = {
			isa = PBXSourcesBuildPhase;
			buildActionMask = 2147483647;
			files = (
				9D5BF63E26F432E400F988ED /* NavigationController+PushAction.swift in Sources */,
				9DF2EE5926F2C3DE003E3BB4 /* ViewController.swift in Sources */,
				9D85E4AB26F2F497003304FD /* Dictionary+Data.swift in Sources */,
				9D5BF64E26F578EA00F988ED /* Array+SafeIndex.swift in Sources */,
				9D85E4B426F32246003304FD /* Functions.swift in Sources */,
				9D5BF63C26F42B0100F988ED /* NasaLabel.swift in Sources */,
				9D85E4AC26F2F497003304FD /* ApiManager.swift in Sources */,
				9D5BF64426F46D4400F988ED /* GalaxyListVC.swift in Sources */,
				9DF2EE5526F2C3DE003E3BB4 /* AppDelegate.swift in Sources */,
				9D5BF64626F560DC00F988ED /* GalaxyCell.swift in Sources */,
				9D5BF64026F4641700F988ED /* UIScreen+Frame.swift in Sources */,
				9D5BF64226F4692D00F988ED /* UIView+AutoLayout.swift in Sources */,
				9D85E49D26F2F457003304FD /* Config.swift in Sources */,
				9D85E4AD26F2F497003304FD /* ReachAbility.swift in Sources */,
				9D85E4B126F32112003304FD /* GalaxyData.swift in Sources */,
				9D5BF64A26F5650F00F988ED /* AsyncImageView.swift in Sources */,
			);
			runOnlyForDeploymentPostprocessing = 0;
		};
/* End PBXSourcesBuildPhase section */

/* Begin PBXVariantGroup section */
		9DF2EE5F26F2C3E0003E3BB4 /* LaunchScreen.storyboard */ = {
			isa = PBXVariantGroup;
			children = (
				9DF2EE6026F2C3E0003E3BB4 /* Base */,
			);
			name = LaunchScreen.storyboard;
			sourceTree = "<group>";
		};
/* End PBXVariantGroup section */

/* Begin XCBuildConfiguration section */
		9DF2EE6326F2C3E0003E3BB4 /* Debug */ = {
			isa = XCBuildConfiguration;
			buildSettings = {
				ALWAYS_SEARCH_USER_PATHS = NO;
				CLANG_ANALYZER_NONNULL = YES;
				CLANG_ANALYZER_NUMBER_OBJECT_CONVERSION = YES_AGGRESSIVE;
				CLANG_CXX_LANGUAGE_STANDARD = "gnu++14";
				CLANG_CXX_LIBRARY = "libc++";
				CLANG_ENABLE_MODULES = YES;
				CLANG_ENABLE_OBJC_ARC = YES;
				CLANG_ENABLE_OBJC_WEAK = YES;
				CLANG_WARN_BLOCK_CAPTURE_AUTORELEASING = YES;
				CLANG_WARN_BOOL_CONVERSION = YES;
				CLANG_WARN_COMMA = YES;
				CLANG_WARN_CONSTANT_CONVERSION = YES;
				CLANG_WARN_DEPRECATED_OBJC_IMPLEMENTATIONS = YES;
				CLANG_WARN_DIRECT_OBJC_ISA_USAGE = YES_ERROR;
				CLANG_WARN_DOCUMENTATION_COMMENTS = YES;
				CLANG_WARN_EMPTY_BODY = YES;
				CLANG_WARN_ENUM_CONVERSION = YES;
				CLANG_WARN_INFINITE_RECURSION = YES;
				CLANG_WARN_INT_CONVERSION = YES;
				CLANG_WARN_NON_LITERAL_NULL_CONVERSION = YES;
				CLANG_WARN_OBJC_IMPLICIT_RETAIN_SELF = YES;
				CLANG_WARN_OBJC_LITERAL_CONVERSION = YES;
				CLANG_WARN_OBJC_ROOT_CLASS = YES_ERROR;
				CLANG_WARN_QUOTED_INCLUDE_IN_FRAMEWORK_HEADER = YES;
				CLANG_WARN_RANGE_LOOP_ANALYSIS = YES;
				CLANG_WARN_STRICT_PROTOTYPES = YES;
				CLANG_WARN_SUSPICIOUS_MOVE = YES;
				CLANG_WARN_UNGUARDED_AVAILABILITY = YES_AGGRESSIVE;
				CLANG_WARN_UNREACHABLE_CODE = YES;
				CLANG_WARN__DUPLICATE_METHOD_MATCH = YES;
				COPY_PHASE_STRIP = NO;
				DEBUG_INFORMATION_FORMAT = dwarf;
				ENABLE_STRICT_OBJC_MSGSEND = YES;
				ENABLE_TESTABILITY = YES;
				GCC_C_LANGUAGE_STANDARD = gnu11;
				GCC_DYNAMIC_NO_PIC = NO;
				GCC_NO_COMMON_BLOCKS = YES;
				GCC_OPTIMIZATION_LEVEL = 0;
				GCC_PREPROCESSOR_DEFINITIONS = (
					"DEBUG=1",
					"$(inherited)",
				);
				GCC_WARN_64_TO_32_BIT_CONVERSION = YES;
				GCC_WARN_ABOUT_RETURN_TYPE = YES_ERROR;
				GCC_WARN_UNDECLARED_SELECTOR = YES;
				GCC_WARN_UNINITIALIZED_AUTOS = YES_AGGRESSIVE;
				GCC_WARN_UNUSED_FUNCTION = YES;
				GCC_WARN_UNUSED_VARIABLE = YES;
				IPHONEOS_DEPLOYMENT_TARGET = 14.5;
				MTL_ENABLE_DEBUG_INFO = INCLUDE_SOURCE;
				MTL_FAST_MATH = YES;
				ONLY_ACTIVE_ARCH = YES;
				SDKROOT = iphoneos;
				SWIFT_ACTIVE_COMPILATION_CONDITIONS = DEBUG;
				SWIFT_OPTIMIZATION_LEVEL = "-Onone";
			};
			name = Debug;
		};
		9DF2EE6426F2C3E0003E3BB4 /* Release */ = {
			isa = XCBuildConfiguration;
			buildSettings = {
				ALWAYS_SEARCH_USER_PATHS = NO;
				CLANG_ANALYZER_NONNULL = YES;
				CLANG_ANALYZER_NUMBER_OBJECT_CONVERSION = YES_AGGRESSIVE;
				CLANG_CXX_LANGUAGE_STANDARD = "gnu++14";
				CLANG_CXX_LIBRARY = "libc++";
				CLANG_ENABLE_MODULES = YES;
				CLANG_ENABLE_OBJC_ARC = YES;
				CLANG_ENABLE_OBJC_WEAK = YES;
				CLANG_WARN_BLOCK_CAPTURE_AUTORELEASING = YES;
				CLANG_WARN_BOOL_CONVERSION = YES;
				CLANG_WARN_COMMA = YES;
				CLANG_WARN_CONSTANT_CONVERSION = YES;
				CLANG_WARN_DEPRECATED_OBJC_IMPLEMENTATIONS = YES;
				CLANG_WARN_DIRECT_OBJC_ISA_USAGE = YES_ERROR;
				CLANG_WARN_DOCUMENTATION_COMMENTS = YES;
				CLANG_WARN_EMPTY_BODY = YES;
				CLANG_WARN_ENUM_CONVERSION = YES;
				CLANG_WARN_INFINITE_RECURSION = YES;
				CLANG_WARN_INT_CONVERSION = YES;
				CLANG_WARN_NON_LITERAL_NULL_CONVERSION = YES;
				CLANG_WARN_OBJC_IMPLICIT_RETAIN_SELF = YES;
				CLANG_WARN_OBJC_LITERAL_CONVERSION = YES;
				CLANG_WARN_OBJC_ROOT_CLASS = YES_ERROR;
				CLANG_WARN_QUOTED_INCLUDE_IN_FRAMEWORK_HEADER = YES;
				CLANG_WARN_RANGE_LOOP_ANALYSIS = YES;
				CLANG_WARN_STRICT_PROTOTYPES = YES;
				CLANG_WARN_SUSPICIOUS_MOVE = YES;
				CLANG_WARN_UNGUARDED_AVAILABILITY = YES_AGGRESSIVE;
				CLANG_WARN_UNREACHABLE_CODE = YES;
				CLANG_WARN__DUPLICATE_METHOD_MATCH = YES;
				COPY_PHASE_STRIP = NO;
				DEBUG_INFORMATION_FORMAT = "dwarf-with-dsym";
				ENABLE_NS_ASSERTIONS = NO;
				ENABLE_STRICT_OBJC_MSGSEND = YES;
				GCC_C_LANGUAGE_STANDARD = gnu11;
				GCC_NO_COMMON_BLOCKS = YES;
				GCC_WARN_64_TO_32_BIT_CONVERSION = YES;
				GCC_WARN_ABOUT_RETURN_TYPE = YES_ERROR;
				GCC_WARN_UNDECLARED_SELECTOR = YES;
				GCC_WARN_UNINITIALIZED_AUTOS = YES_AGGRESSIVE;
				GCC_WARN_UNUSED_FUNCTION = YES;
				GCC_WARN_UNUSED_VARIABLE = YES;
				IPHONEOS_DEPLOYMENT_TARGET = 14.5;
				MTL_ENABLE_DEBUG_INFO = NO;
				MTL_FAST_MATH = YES;
				SDKROOT = iphoneos;
				SWIFT_COMPILATION_MODE = wholemodule;
				SWIFT_OPTIMIZATION_LEVEL = "-O";
				VALIDATE_PRODUCT = YES;
			};
			name = Release;
		};
		9DF2EE6626F2C3E0003E3BB4 /* Debug */ = {
			isa = XCBuildConfiguration;
			buildSettings = {
				ASSETCATALOG_COMPILER_APPICON_NAME = AppIcon;
				ASSETCATALOG_COMPILER_GLOBAL_ACCENT_COLOR_NAME = AccentColor;
				CODE_SIGN_STYLE = Automatic;
				DEVELOPMENT_TEAM = DZJDGXKN9N;
				INFOPLIST_FILE = NasaGalaxy/Info.plist;
				LD_RUNPATH_SEARCH_PATHS = (
					"$(inherited)",
					"@executable_path/Frameworks",
				);
				PRODUCT_BUNDLE_IDENTIFIER = com.irvinghuang.NasaGalaxy;
				PRODUCT_NAME = "$(TARGET_NAME)";
				SWIFT_VERSION = 5.0;
				TARGETED_DEVICE_FAMILY = "1,2";
			};
			name = Debug;
		};
		9DF2EE6726F2C3E0003E3BB4 /* Release */ = {
			isa = XCBuildConfiguration;
			buildSettings = {
				ASSETCATALOG_COMPILER_APPICON_NAME = AppIcon;
				ASSETCATALOG_COMPILER_GLOBAL_ACCENT_COLOR_NAME = AccentColor;
				CODE_SIGN_STYLE = Automatic;
				DEVELOPMENT_TEAM = DZJDGXKN9N;
				INFOPLIST_FILE = NasaGalaxy/Info.plist;
				LD_RUNPATH_SEARCH_PATHS = (
					"$(inherited)",
					"@executable_path/Frameworks",
				);
				PRODUCT_BUNDLE_IDENTIFIER = com.irvinghuang.NasaGalaxy;
				PRODUCT_NAME = "$(TARGET_NAME)";
				SWIFT_VERSION = 5.0;
				TARGETED_DEVICE_FAMILY = "1,2";
			};
			name = Release;
		};
/* End XCBuildConfiguration section */

/* Begin XCConfigurationList section */
		9DF2EE4C26F2C3DD003E3BB4 /* Build configuration list for PBXProject "NasaGalaxy" */ = {
			isa = XCConfigurationList;
			buildConfigurations = (
				9DF2EE6326F2C3E0003E3BB4 /* Debug */,
				9DF2EE6426F2C3E0003E3BB4 /* Release */,
			);
			defaultConfigurationIsVisible = 0;
			defaultConfigurationName = Release;
		};
		9DF2EE6526F2C3E0003E3BB4 /* Build configuration list for PBXNativeTarget "NasaGalaxy" */ = {
			isa = XCConfigurationList;
			buildConfigurations = (
				9DF2EE6626F2C3E0003E3BB4 /* Debug */,
				9DF2EE6726F2C3E0003E3BB4 /* Release */,
			);
			defaultConfigurationIsVisible = 0;
			defaultConfigurationName = Release;
		};
/* End XCConfigurationList section */
	};
	rootObject = 9DF2EE4926F2C3DD003E3BB4 /* Project object */;
}
